
Microsoft Visual Studio Solution File, Format Version 12.00
# Visual Studio 15
VisualStudioVersion = 15.0.27428.2037
MinimumVisualStudioVersion = 10.0.40219.1
Project("{FAE04EC0-301F-11D3-BF4B-00C04F79EFBC}") = "Wallets", "Wallets\Wallets.csproj", "{3BE89AC3-CFBC-4024-9D0B-975066C3372C}"
EndProject
Global
	GlobalSection(SolutionConfigurationPlatforms) = preSolution
		Debug|Any CPU = Debug|Any CPU
		Release|Any CPU = Release|Any CPU
	EndGlobalSection
	GlobalSection(ProjectConfigurationPlatforms) = postSolution
		{3BE89AC3-CFBC-4024-9D0B-975066C3372C}.Debug|Any CPU.ActiveCfg = Debug|Any CPU
		{3BE89AC3-CFBC-4024-9D0B-975066C3372C}.Debug|Any CPU.Build.0 = Debug|Any CPU
		{3BE89AC3-CFBC-4024-9D0B-975066C3372C}.Release|Any CPU.ActiveCfg = Release|Any CPU
		{3BE89AC3-CFBC-4024-9D0B-975066C3372C}.Release|Any CPU.Build.0 = Release|Any CPU
	EndGlobalSection
	GlobalSection(SolutionProperties) = preSolution
		HideSolutionNode = FALSE
	EndGlobalSection
	GlobalSection(ExtensibilityGlobals) = postSolution
		SolutionGuid = {4A514212-AB81-4059-B2D7-24E1E9C65524}
	EndGlobalSection
EndGlobal
